
Microsoft Visual Studio Solution File, Format Version 12.00
# Visual Studio Version 17
VisualStudioVersion = 17.9.34607.119
MinimumVisualStudioVersion = 10.0.40219.1
Project("{FAE04EC0-301F-11D3-BF4B-00C04F79EFBC}") = "MvcCoreCrudComics", "MvcCoreCrudComics\MvcCoreCrudComics.csproj", "{3D59D9F9-74BA-423A-926E-A3A896102D1D}"
EndProject
Global
	GlobalSection(SolutionConfigurationPlatforms) = preSolution
		Debug|Any CPU = Debug|Any CPU
		Release|Any CPU = Release|Any CPU
	EndGlobalSection
	GlobalSection(ProjectConfigurationPlatforms) = postSolution
		{3D59D9F9-74BA-423A-926E-A3A896102D1D}.Debug|Any CPU.ActiveCfg = Debug|Any CPU
		{3D59D9F9-74BA-423A-926E-A3A896102D1D}.Debug|Any CPU.Build.0 = Debug|Any CPU
		{3D59D9F9-74BA-423A-926E-A3A896102D1D}.Release|Any CPU.ActiveCfg = Release|Any CPU
		{3D59D9F9-74BA-423A-926E-A3A896102D1D}.Release|Any CPU.Build.0 = Release|Any CPU
	EndGlobalSection
	GlobalSection(SolutionProperties) = preSolution
		HideSolutionNode = FALSE
	EndGlobalSection
	GlobalSection(ExtensibilityGlobals) = postSolution
		SolutionGuid = {6A51B8C5-4AF3-405C-A1F9-69F305B8FCE0}
	EndGlobalSection
EndGlobal
